
Microsoft Visual Studio Solution File, Format Version 12.00
# Visual Studio Version 17
VisualStudioVersion = 17.12.35527.113
MinimumVisualStudioVersion = 10.0.40219.1
Project("{FAE04EC0-301F-11D3-BF4B-00C04F79EFBC}") = "TRAFO.CLI", "TRAFO.CLI\TRAFO.CLI.csproj", "{E3D682CC-CE7F-4BF0-9283-9CA79DAF3C0B}"
EndProject
Project("{FAE04EC0-301F-11D3-BF4B-00C04F79EFBC}") = "TRAFO.Logic", "TRAFO.Logic\TRAFO.Logic.csproj", "{E951E45B-A45B-48CF-9D27-8CF9D5847494}"
EndProject
Project("{FAE04EC0-301F-11D3-BF4B-00C04F79EFBC}") = "TRAFO.IO", "TRAFO.IO\TRAFO.IO.csproj", "{6D847B5E-BCA6-4998-958E-DE20CE975AD5}"
EndProject
Project("{FAE04EC0-301F-11D3-BF4B-00C04F79EFBC}") = "TRAFO.Parsing", "TRAFO.Parsing\TRAFO.Parsing.csproj", "{7BC5D2AD-42CB-4A46-9E19-26E184D9CB74}"
EndProject
Project("{FAE04EC0-301F-11D3-BF4B-00C04F79EFBC}") = "TRAFO.Parsing.Tests", "Tests\TRAFO.Parsing.Tests\TRAFO.Parsing.Tests.csproj", "{198671CC-F754-43EC-975E-432F34647750}"
EndProject
Project("{FAE04EC0-301F-11D3-BF4B-00C04F79EFBC}") = "TRAFO.Logic.Tests", "Tests\TRAFO.Logic.Tests\TRAFO.Logic.Tests.csproj", "{75168803-AF50-4EEA-B8B3-B4D535D4AE2F}"
EndProject
Global
	GlobalSection(SolutionConfigurationPlatforms) = preSolution
		Debug|Any CPU = Debug|Any CPU
		Release|Any CPU = Release|Any CPU
	EndGlobalSection
	GlobalSection(ProjectConfigurationPlatforms) = postSolution
		{E3D682CC-CE7F-4BF0-9283-9CA79DAF3C0B}.Debug|Any CPU.ActiveCfg = Debug|Any CPU
		{E3D682CC-CE7F-4BF0-9283-9CA79DAF3C0B}.Debug|Any CPU.Build.0 = Debug|Any CPU
		{E3D682CC-CE7F-4BF0-9283-9CA79DAF3C0B}.Release|Any CPU.ActiveCfg = Release|Any CPU
		{E3D682CC-CE7F-4BF0-9283-9CA79DAF3C0B}.Release|Any CPU.Build.0 = Release|Any CPU
		{E951E45B-A45B-48CF-9D27-8CF9D5847494}.Debug|Any CPU.ActiveCfg = Debug|Any CPU
		{E951E45B-A45B-48CF-9D27-8CF9D5847494}.Debug|Any CPU.Build.0 = Debug|Any CPU
		{E951E45B-A45B-48CF-9D27-8CF9D5847494}.Release|Any CPU.ActiveCfg = Release|Any CPU
		{E951E45B-A45B-48CF-9D27-8CF9D5847494}.Release|Any CPU.Build.0 = Release|Any CPU
		{6D847B5E-BCA6-4998-958E-DE20CE975AD5}.Debug|Any CPU.ActiveCfg = Debug|Any CPU
		{6D847B5E-BCA6-4998-958E-DE20CE975AD5}.Debug|Any CPU.Build.0 = Debug|Any CPU
		{6D847B5E-BCA6-4998-958E-DE20CE975AD5}.Release|Any CPU.ActiveCfg = Release|Any CPU
		{6D847B5E-BCA6-4998-958E-DE20CE975AD5}.Release|Any CPU.Build.0 = Release|Any CPU
		{7BC5D2AD-42CB-4A46-9E19-26E184D9CB74}.Debug|Any CPU.ActiveCfg = Debug|Any CPU
		{7BC5D2AD-42CB-4A46-9E19-26E184D9CB74}.Debug|Any CPU.Build.0 = Debug|Any CPU
		{7BC5D2AD-42CB-4A46-9E19-26E184D9CB74}.Release|Any CPU.ActiveCfg = Release|Any CPU
		{7BC5D2AD-42CB-4A46-9E19-26E184D9CB74}.Release|Any CPU.Build.0 = Release|Any CPU
		{198671CC-F754-43EC-975E-432F34647750}.Debug|Any CPU.ActiveCfg = Debug|Any CPU
		{198671CC-F754-43EC-975E-432F34647750}.Debug|Any CPU.Build.0 = Debug|Any CPU
		{198671CC-F754-43EC-975E-432F34647750}.Release|Any CPU.ActiveCfg = Release|Any CPU
		{198671CC-F754-43EC-975E-432F34647750}.Release|Any CPU.Build.0 = Release|Any CPU
		{75168803-AF50-4EEA-B8B3-B4D535D4AE2F}.Debug|Any CPU.ActiveCfg = Debug|Any CPU
		{75168803-AF50-4EEA-B8B3-B4D535D4AE2F}.Debug|Any CPU.Build.0 = Debug|Any CPU
		{75168803-AF50-4EEA-B8B3-B4D535D4AE2F}.Release|Any CPU.ActiveCfg = Release|Any CPU
		{75168803-AF50-4EEA-B8B3-B4D535D4AE2F}.Release|Any CPU.Build.0 = Release|Any CPU
	EndGlobalSection
	GlobalSection(SolutionProperties) = preSolution
		HideSolutionNode = FALSE
	EndGlobalSection
EndGlobal
