
Microsoft Visual Studio Solution File, Format Version 12.00
# Visual Studio Version 17
VisualStudioVersion = 17.12.35527.113
MinimumVisualStudioVersion = 10.0.40219.1
Project("{FAE04EC0-301F-11D3-BF4B-00C04F79EFBC}") = "TRAFO.CLI", "TRAFO.CLI\TRAFO.CLI.csproj", "{E3D682CC-CE7F-4BF0-9283-9CA79DAF3C0B}"
EndProject
Project("{FAE04EC0-301F-11D3-BF4B-00C04F79EFBC}") = "TRAFO.Parsing", "TRAFO.Transaction\TRAFO.Parsing.csproj", "{4BFC788C-9A24-463C-BC94-23EB2CBA3AED}"
EndProject
Project("{FAE04EC0-301F-11D3-BF4B-00C04F79EFBC}") = "TRAFO.IO", "TRAFO.FileHandling\TRAFO.IO.csproj", "{B684C516-133D-4C88-B49E-9F0D609A72C9}"
EndProject
Project("{FAE04EC0-301F-11D3-BF4B-00C04F79EFBC}") = "TRAFO.Logic", "TRAFO.Logic\TRAFO.Logic.csproj", "{E951E45B-A45B-48CF-9D27-8CF9D5847494}"
EndProject
Global
	GlobalSection(SolutionConfigurationPlatforms) = preSolution
		Debug|Any CPU = Debug|Any CPU
		Release|Any CPU = Release|Any CPU
	EndGlobalSection
	GlobalSection(ProjectConfigurationPlatforms) = postSolution
		{E3D682CC-CE7F-4BF0-9283-9CA79DAF3C0B}.Debug|Any CPU.ActiveCfg = Debug|Any CPU
		{E3D682CC-CE7F-4BF0-9283-9CA79DAF3C0B}.Debug|Any CPU.Build.0 = Debug|Any CPU
		{E3D682CC-CE7F-4BF0-9283-9CA79DAF3C0B}.Release|Any CPU.ActiveCfg = Release|Any CPU
		{E3D682CC-CE7F-4BF0-9283-9CA79DAF3C0B}.Release|Any CPU.Build.0 = Release|Any CPU
		{4BFC788C-9A24-463C-BC94-23EB2CBA3AED}.Debug|Any CPU.ActiveCfg = Debug|Any CPU
		{4BFC788C-9A24-463C-BC94-23EB2CBA3AED}.Debug|Any CPU.Build.0 = Debug|Any CPU
		{4BFC788C-9A24-463C-BC94-23EB2CBA3AED}.Release|Any CPU.ActiveCfg = Release|Any CPU
		{4BFC788C-9A24-463C-BC94-23EB2CBA3AED}.Release|Any CPU.Build.0 = Release|Any CPU
		{B684C516-133D-4C88-B49E-9F0D609A72C9}.Debug|Any CPU.ActiveCfg = Debug|Any CPU
		{B684C516-133D-4C88-B49E-9F0D609A72C9}.Debug|Any CPU.Build.0 = Debug|Any CPU
		{B684C516-133D-4C88-B49E-9F0D609A72C9}.Release|Any CPU.ActiveCfg = Release|Any CPU
		{B684C516-133D-4C88-B49E-9F0D609A72C9}.Release|Any CPU.Build.0 = Release|Any CPU
		{E951E45B-A45B-48CF-9D27-8CF9D5847494}.Debug|Any CPU.ActiveCfg = Debug|Any CPU
		{E951E45B-A45B-48CF-9D27-8CF9D5847494}.Debug|Any CPU.Build.0 = Debug|Any CPU
		{E951E45B-A45B-48CF-9D27-8CF9D5847494}.Release|Any CPU.ActiveCfg = Release|Any CPU
		{E951E45B-A45B-48CF-9D27-8CF9D5847494}.Release|Any CPU.Build.0 = Release|Any CPU
	EndGlobalSection
	GlobalSection(SolutionProperties) = preSolution
		HideSolutionNode = FALSE
	EndGlobalSection
EndGlobal
